
Microsoft Visual Studio Solution File, Format Version 12.00
# Visual Studio Version 16
VisualStudioVersion = 25.0.1703.1
MinimumVisualStudioVersion = 10.0.40219.1
Project("{FAE04EC0-301F-11D3-BF4B-00C04F79EFBC}") = "BattleOfTanks", "BattleOfTanks\BattleOfTanks.csproj", "{7BB24209-7C47-4EB0-BFB1-63D838E59966}"
EndProject
Project("{FAE04EC0-301F-11D3-BF4B-00C04F79EFBC}") = "NUnitTest", "NUnitTest\NUnitTest.csproj", "{A40502DB-F304-49C7-BD47-DB356C0A39A0}"
EndProject
Global
	GlobalSection(SolutionConfigurationPlatforms) = preSolution
		Debug|Any CPU = Debug|Any CPU
		Release|Any CPU = Release|Any CPU
	EndGlobalSection
	GlobalSection(ProjectConfigurationPlatforms) = postSolution
		{7BB24209-7C47-4EB0-BFB1-63D838E59966}.Debug|Any CPU.ActiveCfg = Debug|Any CPU
		{7BB24209-7C47-4EB0-BFB1-63D838E59966}.Debug|Any CPU.Build.0 = Debug|Any CPU
		{7BB24209-7C47-4EB0-BFB1-63D838E59966}.Release|Any CPU.ActiveCfg = Release|Any CPU
		{7BB24209-7C47-4EB0-BFB1-63D838E59966}.Release|Any CPU.Build.0 = Release|Any CPU
		{A40502DB-F304-49C7-BD47-DB356C0A39A0}.Debug|Any CPU.ActiveCfg = Debug|Any CPU
		{A40502DB-F304-49C7-BD47-DB356C0A39A0}.Debug|Any CPU.Build.0 = Debug|Any CPU
		{A40502DB-F304-49C7-BD47-DB356C0A39A0}.Release|Any CPU.ActiveCfg = Release|Any CPU
		{A40502DB-F304-49C7-BD47-DB356C0A39A0}.Release|Any CPU.Build.0 = Release|Any CPU
	EndGlobalSection
	GlobalSection(SolutionProperties) = preSolution
		HideSolutionNode = FALSE
	EndGlobalSection
	GlobalSection(ExtensibilityGlobals) = postSolution
		SolutionGuid = {AA969EB9-B819-430D-BD4B-D96B891D7652}
	EndGlobalSection
EndGlobal
